
Microsoft Visual Studio Solution File, Format Version 12.00
# Visual Studio Version 16
VisualStudioVersion = 16.0.29306.81
MinimumVisualStudioVersion = 10.0.40219.1
Project("{FAE04EC0-301F-11D3-BF4B-00C04F79EFBC}") = "OnBoardingTask", "OnBoardingTask.csproj", "{6887511D-61CD-4A5B-A161-6423F49F4D9B}"
EndProject
Global
	GlobalSection(SolutionConfigurationPlatforms) = preSolution
		Debug|Any CPU = Debug|Any CPU
		Release|Any CPU = Release|Any CPU
	EndGlobalSection
	GlobalSection(ProjectConfigurationPlatforms) = postSolution
		{6887511D-61CD-4A5B-A161-6423F49F4D9B}.Debug|Any CPU.ActiveCfg = Debug|Any CPU
		{6887511D-61CD-4A5B-A161-6423F49F4D9B}.Debug|Any CPU.Build.0 = Debug|Any CPU
		{6887511D-61CD-4A5B-A161-6423F49F4D9B}.Release|Any CPU.ActiveCfg = Release|Any CPU
		{6887511D-61CD-4A5B-A161-6423F49F4D9B}.Release|Any CPU.Build.0 = Release|Any CPU
	EndGlobalSection
	GlobalSection(SolutionProperties) = preSolution
		HideSolutionNode = FALSE
	EndGlobalSection
	GlobalSection(ExtensibilityGlobals) = postSolution
		SolutionGuid = {A7715D0D-61E5-443B-9D06-FBFB6C1A2026}
	EndGlobalSection
EndGlobal
